
Microsoft Visual Studio Solution File, Format Version 12.00
# Visual Studio Version 16
VisualStudioVersion = 16.0.29102.190
MinimumVisualStudioVersion = 10.0.40219.1
Project("{FAE04EC0-301F-11D3-BF4B-00C04F79EFBC}") = "satpc32-dde-utils", "satpc32-dde-utils\satpc32-dde-utils.csproj", "{8B058B70-4671-4BC0-8EC0-EA2D878D3F84}"
EndProject
Global
	GlobalSection(SolutionConfigurationPlatforms) = preSolution
		Debug|Any CPU = Debug|Any CPU
		Release|Any CPU = Release|Any CPU
	EndGlobalSection
	GlobalSection(ProjectConfigurationPlatforms) = postSolution
		{8B058B70-4671-4BC0-8EC0-EA2D878D3F84}.Debug|Any CPU.ActiveCfg = Debug|Any CPU
		{8B058B70-4671-4BC0-8EC0-EA2D878D3F84}.Debug|Any CPU.Build.0 = Debug|Any CPU
		{8B058B70-4671-4BC0-8EC0-EA2D878D3F84}.Release|Any CPU.ActiveCfg = Release|Any CPU
		{8B058B70-4671-4BC0-8EC0-EA2D878D3F84}.Release|Any CPU.Build.0 = Release|Any CPU
	EndGlobalSection
	GlobalSection(SolutionProperties) = preSolution
		HideSolutionNode = FALSE
	EndGlobalSection
	GlobalSection(ExtensibilityGlobals) = postSolution
		SolutionGuid = {E40D0255-9AE2-465E-BE1C-EF61E681F0DA}
	EndGlobalSection
EndGlobal
